
Microsoft Visual Studio Solution File, Format Version 12.00
# Visual Studio Version 17
VisualStudioVersion = 17.4.33213.308
MinimumVisualStudioVersion = 10.0.40219.1
Project("{FAE04EC0-301F-11D3-BF4B-00C04F79EFBC}") = "SAMP Launcher Server", "SAMP Launcher Server.csproj", "{B76AA97B-109F-4B38-9452-468B9449AB20}"
EndProject
Global
	GlobalSection(SolutionConfigurationPlatforms) = preSolution
		Debug|Any CPU = Debug|Any CPU
		Release|Any CPU = Release|Any CPU
	EndGlobalSection
	GlobalSection(ProjectConfigurationPlatforms) = postSolution
		{B76AA97B-109F-4B38-9452-468B9449AB20}.Debug|Any CPU.ActiveCfg = Debug|Any CPU
		{B76AA97B-109F-4B38-9452-468B9449AB20}.Debug|Any CPU.Build.0 = Debug|Any CPU
		{B76AA97B-109F-4B38-9452-468B9449AB20}.Release|Any CPU.ActiveCfg = Release|Any CPU
		{B76AA97B-109F-4B38-9452-468B9449AB20}.Release|Any CPU.Build.0 = Release|Any CPU
	EndGlobalSection
	GlobalSection(SolutionProperties) = preSolution
		HideSolutionNode = FALSE
	EndGlobalSection
	GlobalSection(ExtensibilityGlobals) = postSolution
		SolutionGuid = {08EAF237-4418-4E7E-8CC8-97C459CAFDA1}
	EndGlobalSection
EndGlobal
